Microsoft Visual Studio Solution File, Format Version 12.00
# Visual Studio Version 17
VisualStudioVersion = 17.5.2.0
MinimumVisualStudioVersion = 10.0.40219.1
Project("{FAE04EC0-301F-11D3-BF4B-00C04F79EFBC}") = "BackendDev_Case2_Bogani", "BackendDev_Case2_Bogani.csproj", "{6E511BD1-0BCE-1B1C-98BF-1D4476FFFFBC}"
EndProject
Global
	GlobalSection(SolutionConfigurationPlatforms) = preSolution
		Debug|Any CPU = Debug|Any CPU
		Release|Any CPU = Release|Any CPU
	EndGlobalSection
	GlobalSection(ProjectConfigurationPlatforms) = postSolution
		{6E511BD1-0BCE-1B1C-98BF-1D4476FFFFBC}.Debug|Any CPU.ActiveCfg = Debug|Any CPU
		{6E511BD1-0BCE-1B1C-98BF-1D4476FFFFBC}.Debug|Any CPU.Build.0 = Debug|Any CPU
		{6E511BD1-0BCE-1B1C-98BF-1D4476FFFFBC}.Release|Any CPU.ActiveCfg = Release|Any CPU
		{6E511BD1-0BCE-1B1C-98BF-1D4476FFFFBC}.Release|Any CPU.Build.0 = Release|Any CPU
	EndGlobalSection
	GlobalSection(SolutionProperties) = preSolution
		HideSolutionNode = FALSE
	EndGlobalSection
	GlobalSection(ExtensibilityGlobals) = postSolution
		SolutionGuid = {E5FF6684-12F0-40E8-9D75-4E310EB458DB}
	EndGlobalSection
EndGlobal
